
Microsoft Visual Studio Solution File, Format Version 12.00
# Visual Studio Version 17
VisualStudioVersion = 17.4.33205.214
MinimumVisualStudioVersion = 10.0.40219.1
Project("{9A19103F-16F7-4668-BE54-9A1E7A4F7556}") = "Yard_Management_System", "Yard_Management_System\Yard_Management_System.csproj", "{150BD601-9799-4B4B-AFDA-119FA2AD8093}"
	ProjectSection(ProjectDependencies) = postProject
		{0691FA5F-E99B-47B3-A46D-AD28C06937FF} = {0691FA5F-E99B-47B3-A46D-AD28C06937FF}
		{3A43EC6B-2ADF-454F-A556-CBF3F692F7D7} = {3A43EC6B-2ADF-454F-A556-CBF3F692F7D7}
		{61C9BB59-66E9-4544-9DBB-025099E8B054} = {61C9BB59-66E9-4544-9DBB-025099E8B054}
		{B03B9B0B-2FC7-4E2D-8B44-D5C48141435A} = {B03B9B0B-2FC7-4E2D-8B44-D5C48141435A}
	EndProjectSection
EndProject
Project("{9A19103F-16F7-4668-BE54-9A1E7A4F7556}") = "Domain", "Domain\Domain.csproj", "{61C9BB59-66E9-4544-9DBB-025099E8B054}"
EndProject
Project("{9A19103F-16F7-4668-BE54-9A1E7A4F7556}") = "Database", "Database\Database.csproj", "{0691FA5F-E99B-47B3-A46D-AD28C06937FF}"
	ProjectSection(ProjectDependencies) = postProject
		{61C9BB59-66E9-4544-9DBB-025099E8B054} = {61C9BB59-66E9-4544-9DBB-025099E8B054}
	EndProjectSection
EndProject
Project("{9A19103F-16F7-4668-BE54-9A1E7A4F7556}") = "Application", "Application\Application.csproj", "{3A43EC6B-2ADF-454F-A556-CBF3F692F7D7}"
	ProjectSection(ProjectDependencies) = postProject
		{0691FA5F-E99B-47B3-A46D-AD28C06937FF} = {0691FA5F-E99B-47B3-A46D-AD28C06937FF}
		{61C9BB59-66E9-4544-9DBB-025099E8B054} = {61C9BB59-66E9-4544-9DBB-025099E8B054}
	EndProjectSection
EndProject
Project("{9A19103F-16F7-4668-BE54-9A1E7A4F7556}") = "Install", "Install\Install.csproj", "{B03B9B0B-2FC7-4E2D-8B44-D5C48141435A}"
EndProject
Global
	GlobalSection(SolutionConfigurationPlatforms) = preSolution
		Debug|Any CPU = Debug|Any CPU
		Release|Any CPU = Release|Any CPU
	EndGlobalSection
	GlobalSection(ProjectConfigurationPlatforms) = postSolution
		{150BD601-9799-4B4B-AFDA-119FA2AD8093}.Debug|Any CPU.ActiveCfg = Debug|Any CPU
		{150BD601-9799-4B4B-AFDA-119FA2AD8093}.Debug|Any CPU.Build.0 = Debug|Any CPU
		{150BD601-9799-4B4B-AFDA-119FA2AD8093}.Release|Any CPU.ActiveCfg = Release|Any CPU
		{150BD601-9799-4B4B-AFDA-119FA2AD8093}.Release|Any CPU.Build.0 = Release|Any CPU
		{61C9BB59-66E9-4544-9DBB-025099E8B054}.Debug|Any CPU.ActiveCfg = Debug|Any CPU
		{61C9BB59-66E9-4544-9DBB-025099E8B054}.Debug|Any CPU.Build.0 = Debug|Any CPU
		{61C9BB59-66E9-4544-9DBB-025099E8B054}.Release|Any CPU.ActiveCfg = Release|Any CPU
		{61C9BB59-66E9-4544-9DBB-025099E8B054}.Release|Any CPU.Build.0 = Release|Any CPU
		{0691FA5F-E99B-47B3-A46D-AD28C06937FF}.Debug|Any CPU.ActiveCfg = Debug|Any CPU
		{0691FA5F-E99B-47B3-A46D-AD28C06937FF}.Debug|Any CPU.Build.0 = Debug|Any CPU
		{0691FA5F-E99B-47B3-A46D-AD28C06937FF}.Release|Any CPU.ActiveCfg = Release|Any CPU
		{0691FA5F-E99B-47B3-A46D-AD28C06937FF}.Release|Any CPU.Build.0 = Release|Any CPU
		{3A43EC6B-2ADF-454F-A556-CBF3F692F7D7}.Debug|Any CPU.ActiveCfg = Debug|Any CPU
		{3A43EC6B-2ADF-454F-A556-CBF3F692F7D7}.Debug|Any CPU.Build.0 = Debug|Any CPU
		{3A43EC6B-2ADF-454F-A556-CBF3F692F7D7}.Release|Any CPU.ActiveCfg = Release|Any CPU
		{3A43EC6B-2ADF-454F-A556-CBF3F692F7D7}.Release|Any CPU.Build.0 = Release|Any CPU
		{B03B9B0B-2FC7-4E2D-8B44-D5C48141435A}.Debug|Any CPU.ActiveCfg = Debug|Any CPU
		{B03B9B0B-2FC7-4E2D-8B44-D5C48141435A}.Debug|Any CPU.Build.0 = Debug|Any CPU
		{B03B9B0B-2FC7-4E2D-8B44-D5C48141435A}.Release|Any CPU.ActiveCfg = Release|Any CPU
		{B03B9B0B-2FC7-4E2D-8B44-D5C48141435A}.Release|Any CPU.Build.0 = Release|Any CPU
	EndGlobalSection
	GlobalSection(SolutionProperties) = preSolution
		HideSolutionNode = FALSE
	EndGlobalSection
	GlobalSection(ExtensibilityGlobals) = postSolution
		SolutionGuid = {901F5FAF-8D3B-4A65-99F4-AC06C4F4A7B9}
	EndGlobalSection
EndGlobal
